
Microsoft Visual Studio Solution File, Format Version 12.00
# Visual Studio Version 16
VisualStudioVersion = 16.0.30320.27
MinimumVisualStudioVersion = 10.0.40219.1
Project("{FAE04EC0-301F-11D3-BF4B-00C04F79EFBC}") = "Cyotek.Demo.ScriptingHost", "src\Cyotek.Demo.ScriptingHost.csproj", "{9B2C7A58-2054-4E94-A516-42B3A445E538}"
EndProject
Global
	GlobalSection(SolutionConfigurationPlatforms) = preSolution
		Debug|Any CPU = Debug|Any CPU
		Release|Any CPU = Release|Any CPU
	EndGlobalSection
	GlobalSection(ProjectConfigurationPlatforms) = postSolution
		{9B2C7A58-2054-4E94-A516-42B3A445E538}.Debug|Any CPU.ActiveCfg = Debug|Any CPU
		{9B2C7A58-2054-4E94-A516-42B3A445E538}.Debug|Any CPU.Build.0 = Debug|Any CPU
		{9B2C7A58-2054-4E94-A516-42B3A445E538}.Release|Any CPU.ActiveCfg = Release|Any CPU
		{9B2C7A58-2054-4E94-A516-42B3A445E538}.Release|Any CPU.Build.0 = Release|Any CPU
	EndGlobalSection
	GlobalSection(SolutionProperties) = preSolution
		HideSolutionNode = FALSE
	EndGlobalSection
	GlobalSection(ExtensibilityGlobals) = postSolution
		SolutionGuid = {25067FCF-6CE4-4D88-9962-13E90BEFFA6B}
	EndGlobalSection
EndGlobal
